// !$*UTF8*$!
{
	archiveVersion = 1;
	classes = {
	};
	objectVersion = 56;
	objects = {

/* Begin PBXBuildFile section */
		A10000000000000000000001 /* GhostCartApp.swift in Sources */ = {isa = PBXBuildFile; fileRef = B10000000000000000000001 /* GhostCartApp.swift */; };
		A10000000000000000000002 /* ContentView.swift in Sources */ = {isa = PBXBuildFile; fileRef = B10000000000000000000002 /* ContentView.swift */; };
		A10000000000000000000003 /* AlmostBuy.swift in Sources */ = {isa = PBXBuildFile; fileRef = B10000000000000000000003 /* AlmostBuy.swift */; };
		A10000000000000000000004 /* GhostCartStore.swift in Sources */ = {isa = PBXBuildFile; fileRef = B10000000000000000000004 /* GhostCartStore.swift */; };
		A10000000000000000000005 /* Theme.swift in Sources */ = {isa = PBXBuildFile; fileRef = B10000000000000000000005 /* Theme.swift */; };
		A10000000000000000000006 /* BrandAssets.swift in Sources */ = {isa = PBXBuildFile; fileRef = B10000000000000000000006 /* BrandAssets.swift */; };
		A10000000000000000000007 /* HomeView.swift in Sources */ = {isa = PBXBuildFile; fileRef = B10000000000000000000007 /* HomeView.swift */; };
		A10000000000000000000008 /* CooldownsView.swift in Sources */ = {isa = PBXBuildFile; fileRef = B10000000000000000000008 /* CooldownsView.swift */; };
		A10000000000000000000009 /* CaptureView.swift in Sources */ = {isa = PBXBuildFile; fileRef = B10000000000000000000009 /* CaptureView.swift */; };
		A1000000000000000000000A /* ProgressView.swift in Sources */ = {isa = PBXBuildFile; fileRef = B1000000000000000000000A /* ProgressView.swift */; };
		A1000000000000000000000B /* ProfileView.swift in Sources */ = {isa = PBXBuildFile; fileRef = B1000000000000000000000B /* ProfileView.swift */; };
		A1000000000000000000000C /* MembershipCardView.swift in Sources */ = {isa = PBXBuildFile; fileRef = B1000000000000000000000C /* MembershipCardView.swift */; };
		A1000000000000000000000D /* NotificationService.swift in Sources */ = {isa = PBXBuildFile; fileRef = B1000000000000000000000D /* NotificationService.swift */; };
		A1000000000000000000000E /* NotificationRouter.swift in Sources */ = {isa = PBXBuildFile; fileRef = B1000000000000000000000E /* NotificationRouter.swift */; };
		A1000000000000000000000F /* Assets.xcassets in Resources */ = {isa = PBXBuildFile; fileRef = B1000000000000000000000F /* Assets.xcassets */; };
		A10000000000000000000010 /* ApiClient.swift in Sources */ = {isa = PBXBuildFile; fileRef = B10000000000000000000010 /* ApiClient.swift */; };
		A10000000000000000000011 /* ProductImport.swift in Sources */ = {isa = PBXBuildFile; fileRef = B10000000000000000000011 /* ProductImport.swift */; };
		A10000000000000000000012 /* SharedImport.swift in Sources */ = {isa = PBXBuildFile; fileRef = B10000000000000000000012 /* SharedImport.swift */; };
		A10000000000000000000020 /* ShareViewController.swift in Sources */ = {isa = PBXBuildFile; fileRef = B10000000000000000000020 /* ShareViewController.swift */; };
		A10000000000000000000021 /* SharedImport.swift in Sources */ = {isa = PBXBuildFile; fileRef = B10000000000000000000012 /* SharedImport.swift */; };
		A10000000000000000000022 /* GhostCartShare.appex in Embed App Extensions */ = {isa = PBXBuildFile; fileRef = B10000000000000000000024 /* GhostCartShare.appex */; settings = {ATTRIBUTES = (RemoveHeadersOnCopy, ); }; };
		A10000000000000000000030 /* AuthService.swift in Sources */ = {isa = PBXBuildFile; fileRef = B10000000000000000000030 /* AuthService.swift */; };
		A10000000000000000000031 /* OnboardingState.swift in Sources */ = {isa = PBXBuildFile; fileRef = B10000000000000000000031 /* OnboardingState.swift */; };
		A10000000000000000000032 /* SimulationConsentView.swift in Sources */ = {isa = PBXBuildFile; fileRef = B10000000000000000000032 /* SimulationConsentView.swift */; };
		A10000000000000000000033 /* OnboardingLandingView.swift in Sources */ = {isa = PBXBuildFile; fileRef = B10000000000000000000033 /* OnboardingLandingView.swift */; };
		A10000000000000000000034 /* AuthView.swift in Sources */ = {isa = PBXBuildFile; fileRef = B10000000000000000000034 /* AuthView.swift */; };
		A10000000000000000000035 /* ProfileSelectView.swift in Sources */ = {isa = PBXBuildFile; fileRef = B10000000000000000000035 /* ProfileSelectView.swift */; };
		A10000000000000000000036 /* PersonalizationView.swift in Sources */ = {isa = PBXBuildFile; fileRef = B10000000000000000000036 /* PersonalizationView.swift */; };
		A10000000000000000000037 /* TutorialView.swift in Sources */ = {isa = PBXBuildFile; fileRef = B10000000000000000000037 /* TutorialView.swift */; };
		A10000000000000000000038 /* OnboardingFlowView.swift in Sources */ = {isa = PBXBuildFile; fileRef = B10000000000000000000038 /* OnboardingFlowView.swift */; };
		A10000000000000000000039 /* ContentBlocks.swift in Sources */ = {isa = PBXBuildFile; fileRef = B10000000000000000000039 /* ContentBlocks.swift */; };
		A1000000000000000000003A /* MarketplaceSection.swift in Sources */ = {isa = PBXBuildFile; fileRef = B1000000000000000000003A /* MarketplaceSection.swift */; };
		T10000000000000000000002 /* GhostCartStoreTests.swift in Sources */ = {isa = PBXBuildFile; fileRef = T10000000000000000000001 /* GhostCartStoreTests.swift */; };
		A1000000000000000000003B /* AvatarPresets.swift in Sources */ = {isa = PBXBuildFile; fileRef = B1000000000000000000003B /* AvatarPresets.swift */; };
		S10000000000000000000001 /* AlmostBuySyncService.swift in Sources */ = {isa = PBXBuildFile; fileRef = S20000000000000000000001 /* AlmostBuySyncService.swift */; };
		C10000000000000000000001 /* CommunityProfileService.swift in Sources */ = {isa = PBXBuildFile; fileRef = C20000000000000000000001 /* CommunityProfileService.swift */; };
		C10000000000000000000002 /* CommunityLeaderboardOptInView.swift in Sources */ = {isa = PBXBuildFile; fileRef = C20000000000000000000002 /* CommunityLeaderboardOptInView.swift */; };
		C10000000000000000000003 /* LegalDocumentsView.swift in Sources */ = {isa = PBXBuildFile; fileRef = C20000000000000000000003 /* LegalDocumentsView.swift */; };
		C10000000000000000000004 /* DeleteAccountView.swift in Sources */ = {isa = PBXBuildFile; fileRef = C20000000000000000000004 /* DeleteAccountView.swift */; };
		C10000000000000000000005 /* AvatarPresetPickerView.swift in Sources */ = {isa = PBXBuildFile; fileRef = C20000000000000000000005 /* AvatarPresetPickerView.swift */; };
		A20000000000000000000001 /* FirebaseService.swift in Sources */ = {isa = PBXBuildFile; fileRef = B20000000000000000000001 /* FirebaseService.swift */; };
		A20000000000000000000002 /* FirebaseAnalytics in Frameworks */ = {isa = PBXBuildFile; productRef = P20000000000000000000002 /* FirebaseAnalytics */; };
		A20000000000000000000003 /* FirebaseMessaging in Frameworks */ = {isa = PBXBuildFile; productRef = P20000000000000000000003 /* FirebaseMessaging */; };
		A20000000000000000000004 /* FirebaseInAppMessaging-Beta in Frameworks */ = {isa = PBXBuildFile; productRef = P20000000000000000000004 /* FirebaseInAppMessaging-Beta */; };
		A20000000000000000000005 /* GoogleService-Info.plist in Resources */ = {isa = PBXBuildFile; fileRef = B20000000000000000000003 /* GoogleService-Info.plist */; };
		A20000000000000000000006 /* GoogleSignIn in Frameworks */ = {isa = PBXBuildFile; productRef = P20000000000000000000006 /* GoogleSignIn */; };
/* End PBXBuildFile section */

/* Begin PBXContainerItemProxy section */
		D10000000000000000000016 /* PBXContainerItemProxy */ = {
			isa = PBXContainerItemProxy;
			containerPortal = D10000000000000000000004 /* Project object */;
			proxyType = 1;
			remoteGlobalIDString = D10000000000000000000010;
			remoteInfo = GhostCartShare;
		};
		T10000000000000000000005 /* PBXContainerItemProxy */ = {
			isa = PBXContainerItemProxy;
			containerPortal = D10000000000000000000004 /* Project object */;
			proxyType = 1;
			remoteGlobalIDString = D10000000000000000000001;
			remoteInfo = GhostCart;
		};
/* End PBXContainerItemProxy section */

/* Begin PBXCopyFilesBuildPhase section */
		D10000000000000000000014 /* Embed App Extensions */ = {
			isa = PBXCopyFilesBuildPhase;
			buildActionMask = 2147483647;
			dstPath = "";
			dstSubfolderSpec = 13;
			files = (
				A10000000000000000000022 /* GhostCartShare.appex in Embed App Extensions */,
			);
			name = "Embed App Extensions";
			runOnlyForDeploymentPostprocessing = 0;
		};
/* End PBXCopyFilesBuildPhase section */

/* Begin PBXFileReference section */
		B10000000000000000000000 /* GhostCart.app */ = {isa = PBXFileReference; explicitFileType = wrapper.application; includeInIndex = 0; path = GhostCart.app; sourceTree = BUILT_PRODUCTS_DIR; };
		B10000000000000000000001 /* GhostCartApp.swift */ = {isa = PBXFileReference; lastKnownFileType = sourcecode.swift; path = GhostCartApp.swift; sourceTree = "<group>"; };
		B10000000000000000000002 /* ContentView.swift */ = {isa = PBXFileReference; lastKnownFileType = sourcecode.swift; path = ContentView.swift; sourceTree = "<group>"; };
		B10000000000000000000003 /* AlmostBuy.swift */ = {isa = PBXFileReference; lastKnownFileType = sourcecode.swift; path = AlmostBuy.swift; sourceTree = "<group>"; };
		B10000000000000000000004 /* GhostCartStore.swift */ = {isa = PBXFileReference; lastKnownFileType = sourcecode.swift; path = GhostCartStore.swift; sourceTree = "<group>"; };
		B10000000000000000000005 /* Theme.swift */ = {isa = PBXFileReference; lastKnownFileType = sourcecode.swift; path = Theme.swift; sourceTree = "<group>"; };
		B10000000000000000000006 /* BrandAssets.swift */ = {isa = PBXFileReference; lastKnownFileType = sourcecode.swift; path = BrandAssets.swift; sourceTree = "<group>"; };
		B10000000000000000000007 /* HomeView.swift */ = {isa = PBXFileReference; lastKnownFileType = sourcecode.swift; path = HomeView.swift; sourceTree = "<group>"; };
		B10000000000000000000008 /* CooldownsView.swift */ = {isa = PBXFileReference; lastKnownFileType = sourcecode.swift; path = CooldownsView.swift; sourceTree = "<group>"; };
		B10000000000000000000009 /* CaptureView.swift */ = {isa = PBXFileReference; lastKnownFileType = sourcecode.swift; path = CaptureView.swift; sourceTree = "<group>"; };
		B1000000000000000000000A /* ProgressView.swift */ = {isa = PBXFileReference; lastKnownFileType = sourcecode.swift; path = ProgressView.swift; sourceTree = "<group>"; };
		B1000000000000000000000B /* ProfileView.swift */ = {isa = PBXFileReference; lastKnownFileType = sourcecode.swift; path = ProfileView.swift; sourceTree = "<group>"; };
		B1000000000000000000000C /* MembershipCardView.swift */ = {isa = PBXFileReference; lastKnownFileType = sourcecode.swift; path = MembershipCardView.swift; sourceTree = "<group>"; };
		B1000000000000000000000D /* NotificationService.swift */ = {isa = PBXFileReference; lastKnownFileType = sourcecode.swift; path = NotificationService.swift; sourceTree = "<group>"; };
		B1000000000000000000000E /* NotificationRouter.swift */ = {isa = PBXFileReference; lastKnownFileType = sourcecode.swift; path = NotificationRouter.swift; sourceTree = "<group>"; };
		B1000000000000000000000F /* Assets.xcassets */ = {isa = PBXFileReference; lastKnownFileType = folder.assetcatalog; path = Assets.xcassets; sourceTree = "<group>"; };
		B10000000000000000000010 /* ApiClient.swift */ = {isa = PBXFileReference; lastKnownFileType = sourcecode.swift; path = ApiClient.swift; sourceTree = "<group>"; };
		B10000000000000000000011 /* ProductImport.swift */ = {isa = PBXFileReference; lastKnownFileType = sourcecode.swift; path = ProductImport.swift; sourceTree = "<group>"; };
		B10000000000000000000012 /* SharedImport.swift */ = {isa = PBXFileReference; lastKnownFileType = sourcecode.swift; path = SharedImport.swift; sourceTree = "<group>"; };
		B10000000000000000000013 /* GhostCart.entitlements */ = {isa = PBXFileReference; lastKnownFileType = text.plist.entitlements; path = GhostCart.entitlements; sourceTree = "<group>"; };
		B10000000000000000000020 /* ShareViewController.swift */ = {isa = PBXFileReference; lastKnownFileType = sourcecode.swift; path = ShareViewController.swift; sourceTree = "<group>"; };
		B10000000000000000000021 /* Info.plist */ = {isa = PBXFileReference; lastKnownFileType = text.plist.xml; path = Info.plist; sourceTree = "<group>"; };
		B10000000000000000000022 /* GhostCartShare.entitlements */ = {isa = PBXFileReference; lastKnownFileType = text.plist.entitlements; path = GhostCartShare.entitlements; sourceTree = "<group>"; };
		B10000000000000000000024 /* GhostCartShare.appex */ = {isa = PBXFileReference; explicitFileType = "wrapper.app-extension"; includeInIndex = 0; path = GhostCartShare.appex; sourceTree = BUILT_PRODUCTS_DIR; };
		B10000000000000000000030 /* AuthService.swift */ = {isa = PBXFileReference; lastKnownFileType = sourcecode.swift; path = AuthService.swift; sourceTree = "<group>"; };
		B10000000000000000000031 /* OnboardingState.swift */ = {isa = PBXFileReference; lastKnownFileType = sourcecode.swift; path = OnboardingState.swift; sourceTree = "<group>"; };
		B10000000000000000000032 /* SimulationConsentView.swift */ = {isa = PBXFileReference; lastKnownFileType = sourcecode.swift; path = SimulationConsentView.swift; sourceTree = "<group>"; };
		B10000000000000000000033 /* OnboardingLandingView.swift */ = {isa = PBXFileReference; lastKnownFileType = sourcecode.swift; path = OnboardingLandingView.swift; sourceTree = "<group>"; };
		B10000000000000000000034 /* AuthView.swift */ = {isa = PBXFileReference; lastKnownFileType = sourcecode.swift; path = AuthView.swift; sourceTree = "<group>"; };
		B10000000000000000000035 /* ProfileSelectView.swift */ = {isa = PBXFileReference; lastKnownFileType = sourcecode.swift; path = ProfileSelectView.swift; sourceTree = "<group>"; };
		B10000000000000000000036 /* PersonalizationView.swift */ = {isa = PBXFileReference; lastKnownFileType = sourcecode.swift; path = PersonalizationView.swift; sourceTree = "<group>"; };
		B10000000000000000000037 /* TutorialView.swift */ = {isa = PBXFileReference; lastKnownFileType = sourcecode.swift; path = TutorialView.swift; sourceTree = "<group>"; };
		B10000000000000000000038 /* OnboardingFlowView.swift */ = {isa = PBXFileReference; lastKnownFileType = sourcecode.swift; path = OnboardingFlowView.swift; sourceTree = "<group>"; };
		B10000000000000000000039 /* ContentBlocks.swift */ = {isa = PBXFileReference; lastKnownFileType = sourcecode.swift; path = ContentBlocks.swift; sourceTree = "<group>"; };
		B1000000000000000000003A /* MarketplaceSection.swift */ = {isa = PBXFileReference; lastKnownFileType = sourcecode.swift; path = MarketplaceSection.swift; sourceTree = "<group>"; };
		T10000000000000000000000 /* GhostCartTests.xctest */ = {isa = PBXFileReference; explicitFileType = wrapper.cfbundle; includeInIndex = 0; path = GhostCartTests.xctest; sourceTree = BUILT_PRODUCTS_DIR; };
		T10000000000000000000001 /* GhostCartStoreTests.swift */ = {isa = PBXFileReference; lastKnownFileType = sourcecode.swift; path = GhostCartStoreTests.swift; sourceTree = "<group>"; };
		B1000000000000000000003B /* AvatarPresets.swift */ = {isa = PBXFileReference; lastKnownFileType = sourcecode.swift; path = AvatarPresets.swift; sourceTree = "<group>"; };
		S20000000000000000000001 /* AlmostBuySyncService.swift */ = {isa = PBXFileReference; lastKnownFileType = sourcecode.swift; path = AlmostBuySyncService.swift; sourceTree = "<group>"; };
		C20000000000000000000001 /* CommunityProfileService.swift */ = {isa = PBXFileReference; lastKnownFileType = sourcecode.swift; path = CommunityProfileService.swift; sourceTree = "<group>"; };
		C20000000000000000000002 /* CommunityLeaderboardOptInView.swift */ = {isa = PBXFileReference; lastKnownFileType = sourcecode.swift; path = CommunityLeaderboardOptInView.swift; sourceTree = "<group>"; };
		C20000000000000000000003 /* LegalDocumentsView.swift */ = {isa = PBXFileReference; lastKnownFileType = sourcecode.swift; path = LegalDocumentsView.swift; sourceTree = "<group>"; };
		C20000000000000000000004 /* DeleteAccountView.swift */ = {isa = PBXFileReference; lastKnownFileType = sourcecode.swift; path = DeleteAccountView.swift; sourceTree = "<group>"; };
		C20000000000000000000005 /* AvatarPresetPickerView.swift */ = {isa = PBXFileReference; lastKnownFileType = sourcecode.swift; path = AvatarPresetPickerView.swift; sourceTree = "<group>"; };
		B20000000000000000000001 /* FirebaseService.swift */ = {isa = PBXFileReference; lastKnownFileType = sourcecode.swift; path = FirebaseService.swift; sourceTree = "<group>"; };
		B20000000000000000000002 /* Info.plist */ = {isa = PBXFileReference; lastKnownFileType = text.plist.xml; path = Info.plist; sourceTree = "<group>"; };
		B20000000000000000000003 /* GoogleService-Info.plist */ = {isa = PBXFileReference; lastKnownFileType = text.plist.xml; path = "GoogleService-Info.plist"; sourceTree = "<group>"; };
/* End PBXFileReference section */

/* Begin PBXFrameworksBuildPhase section */
		C10000000000000000000001 /* Frameworks */ = {
			isa = PBXFrameworksBuildPhase;
			buildActionMask = 2147483647;
			files = (
				A20000000000000000000002 /* FirebaseAnalytics in Frameworks */,
				A20000000000000000000003 /* FirebaseMessaging in Frameworks */,
				A20000000000000000000004 /* FirebaseInAppMessaging-Beta in Frameworks */,
				A20000000000000000000006 /* GoogleSignIn in Frameworks */,
			);
			runOnlyForDeploymentPostprocessing = 0;
		};
		D10000000000000000000012 /* Frameworks */ = {
			isa = PBXFrameworksBuildPhase;
			buildActionMask = 2147483647;
			files = (
			);
			runOnlyForDeploymentPostprocessing = 0;
		};
		T10000000000000000000003 /* Frameworks */ = {
			isa = PBXFrameworksBuildPhase;
			buildActionMask = 2147483647;
			files = (
			);
			runOnlyForDeploymentPostprocessing = 0;
		};
/* End PBXFrameworksBuildPhase section */

/* Begin PBXGroup section */
		C10000000000000000000002 = {
			isa = PBXGroup;
			children = (
				C10000000000000000000003 /* GhostCart */,
				C10000000000000000000010 /* GhostCartShare */,
				T10000000000000000000004 /* GhostCartTests */,
				C10000000000000000000004 /* Products */,
			);
			sourceTree = "<group>";
		};
		T10000000000000000000004 /* GhostCartTests */ = {
			isa = PBXGroup;
			children = (
				T10000000000000000000001 /* GhostCartStoreTests.swift */,
			);
			path = GhostCartTests;
			sourceTree = "<group>";
		};
		C10000000000000000000003 /* GhostCart */ = {
			isa = PBXGroup;
			children = (
				B10000000000000000000001 /* GhostCartApp.swift */,
				B10000000000000000000002 /* ContentView.swift */,
				B10000000000000000000003 /* AlmostBuy.swift */,
				B10000000000000000000004 /* GhostCartStore.swift */,
				B10000000000000000000005 /* Theme.swift */,
				B10000000000000000000006 /* BrandAssets.swift */,
				B10000000000000000000007 /* HomeView.swift */,
				B10000000000000000000008 /* CooldownsView.swift */,
				B10000000000000000000009 /* CaptureView.swift */,
				B1000000000000000000000A /* ProgressView.swift */,
				B1000000000000000000000B /* ProfileView.swift */,
				B1000000000000000000000C /* MembershipCardView.swift */,
				B1000000000000000000000D /* NotificationService.swift */,
				B1000000000000000000000E /* NotificationRouter.swift */,
				B10000000000000000000010 /* ApiClient.swift */,
				B10000000000000000000011 /* ProductImport.swift */,
				B10000000000000000000012 /* SharedImport.swift */,
				B10000000000000000000030 /* AuthService.swift */,
				B10000000000000000000031 /* OnboardingState.swift */,
				B10000000000000000000032 /* SimulationConsentView.swift */,
				B10000000000000000000033 /* OnboardingLandingView.swift */,
				B10000000000000000000034 /* AuthView.swift */,
				B10000000000000000000035 /* ProfileSelectView.swift */,
				B10000000000000000000036 /* PersonalizationView.swift */,
				B10000000000000000000037 /* TutorialView.swift */,
				B10000000000000000000038 /* OnboardingFlowView.swift */,
				B10000000000000000000039 /* ContentBlocks.swift */,
				B1000000000000000000003A /* MarketplaceSection.swift */,
				B1000000000000000000003B /* AvatarPresets.swift */,
				S20000000000000000000001 /* AlmostBuySyncService.swift */,
				C20000000000000000000001 /* CommunityProfileService.swift */,
				C20000000000000000000002 /* CommunityLeaderboardOptInView.swift */,
				C20000000000000000000003 /* LegalDocumentsView.swift */,
				C20000000000000000000004 /* DeleteAccountView.swift */,
				C20000000000000000000005 /* AvatarPresetPickerView.swift */,
				B20000000000000000000001 /* FirebaseService.swift */,
				B20000000000000000000002 /* Info.plist */,
				B20000000000000000000003 /* GoogleService-Info.plist */,
				B10000000000000000000013 /* GhostCart.entitlements */,
				B1000000000000000000000F /* Assets.xcassets */,
			);
			path = GhostCart;
			sourceTree = "<group>";
		};
		C10000000000000000000010 /* GhostCartShare */ = {
			isa = PBXGroup;
			children = (
				B10000000000000000000020 /* ShareViewController.swift */,
				B10000000000000000000021 /* Info.plist */,
				B10000000000000000000022 /* GhostCartShare.entitlements */,
			);
			path = GhostCartShare;
			sourceTree = "<group>";
		};
		C10000000000000000000004 /* Products */ = {
			isa = PBXGroup;
			children = (
				B10000000000000000000000 /* GhostCart.app */,
				B10000000000000000000024 /* GhostCartShare.appex */,
				T10000000000000000000000 /* GhostCartTests.xctest */,
			);
			name = Products;
			sourceTree = "<group>";
		};
/* End PBXGroup section */

/* Begin PBXNativeTarget section */
		D10000000000000000000001 /* GhostCart */ = {
			isa = PBXNativeTarget;
			buildConfigurationList = F10000000000000000000001 /* Build configuration list for PBXNativeTarget "GhostCart" */;
			buildPhases = (
				D10000000000000000000002 /* Sources */,
				C10000000000000000000001 /* Frameworks */,
				D10000000000000000000003 /* Resources */,
				D10000000000000000000014 /* Embed App Extensions */,
			);
			buildRules = (
			);
			dependencies = (
				D10000000000000000000015 /* PBXTargetDependency */,
			);
			name = GhostCart;
			packageProductDependencies = (
				P20000000000000000000002 /* FirebaseAnalytics */,
				P20000000000000000000003 /* FirebaseMessaging */,
				P20000000000000000000004 /* FirebaseInAppMessaging-Beta */,
				P20000000000000000000006 /* GoogleSignIn */,
			);
			productName = GhostCart;
			productReference = B10000000000000000000000 /* GhostCart.app */;
			productType = "com.apple.product-type.application";
		};
		D10000000000000000000010 /* GhostCartShare */ = {
			isa = PBXNativeTarget;
			buildConfigurationList = F10000000000000000000010 /* Build configuration list for PBXNativeTarget "GhostCartShare" */;
			buildPhases = (
				D10000000000000000000011 /* Sources */,
				D10000000000000000000012 /* Frameworks */,
				D10000000000000000000013 /* Resources */,
			);
			buildRules = (
			);
			dependencies = (
			);
			name = GhostCartShare;
			productName = GhostCartShare;
			productReference = B10000000000000000000024 /* GhostCartShare.appex */;
			productType = "com.apple.product-type.app-extension";
		};
		T10000000000000000000006 /* GhostCartTests */ = {
			isa = PBXNativeTarget;
			buildConfigurationList = T10000000000000000000009 /* Build configuration list for PBXNativeTarget "GhostCartTests" */;
			buildPhases = (
				T10000000000000000000007 /* Sources */,
				T10000000000000000000003 /* Frameworks */,
				T10000000000000000000008 /* Resources */,
			);
			buildRules = (
			);
			dependencies = (
				T10000000000000000000010 /* PBXTargetDependency */,
			);
			name = GhostCartTests;
			productName = GhostCartTests;
			productReference = T10000000000000000000000 /* GhostCartTests.xctest */;
			productType = "com.apple.product-type.bundle.unit-test";
		};
/* End PBXNativeTarget section */

/* Begin PBXProject section */
		D10000000000000000000004 /* Project object */ = {
			isa = PBXProject;
			attributes = {
				BuildIndependentTargetsInParallel = 1;
				LastSwiftUpdateCheck = 1500;
				LastUpgradeCheck = 1500;
				TargetAttributes = {
					D10000000000000000000001 = {
						CreatedOnToolsVersion = 15.0;
						DevelopmentTeam = 2A5Q764W66;
						ProvisioningStyle = Automatic;
					};
					D10000000000000000000010 = {
						CreatedOnToolsVersion = 15.0;
						DevelopmentTeam = 2A5Q764W66;
						ProvisioningStyle = Automatic;
					};
					T10000000000000000000006 = {
						CreatedOnToolsVersion = 15.0;
						TestTargetID = D10000000000000000000001;
					};
				};
			};
			buildConfigurationList = F10000000000000000000002 /* Build configuration list for PBXProject "GhostCart" */;
			compatibilityVersion = "Xcode 14.0";
			developmentRegion = en;
			hasScannedForEncodings = 0;
			knownRegions = (
				en,
				Base,
			);
			mainGroup = C10000000000000000000002;
			productRefGroup = C10000000000000000000004 /* Products */;
			packageReferences = (
				P20000000000000000000001 /* XCRemoteSwiftPackageReference "firebase-ios-sdk" */,
				P20000000000000000000005 /* XCRemoteSwiftPackageReference "GoogleSignIn-iOS" */,
			);
			projectDirPath = "";
			projectRoot = "";
			targets = (
				D10000000000000000000001 /* GhostCart */,
				D10000000000000000000010 /* GhostCartShare */,
				T10000000000000000000006 /* GhostCartTests */,
			);
		};
/* End PBXProject section */

/* Begin PBXResourcesBuildPhase section */
		D10000000000000000000003 /* Resources */ = {
			isa = PBXResourcesBuildPhase;
			buildActionMask = 2147483647;
			files = (
				A1000000000000000000000F /* Assets.xcassets in Resources */,
				A20000000000000000000005 /* GoogleService-Info.plist in Resources */,
			);
			runOnlyForDeploymentPostprocessing = 0;
		};
		D10000000000000000000013 /* Resources */ = {
			isa = PBXResourcesBuildPhase;
			buildActionMask = 2147483647;
			files = (
			);
			runOnlyForDeploymentPostprocessing = 0;
		};
		T10000000000000000000008 /* Resources */ = {
			isa = PBXResourcesBuildPhase;
			buildActionMask = 2147483647;
			files = (
			);
			runOnlyForDeploymentPostprocessing = 0;
		};
/* End PBXResourcesBuildPhase section */

/* Begin PBXSourcesBuildPhase section */
		D10000000000000000000002 /* Sources */ = {
			isa = PBXSourcesBuildPhase;
			buildActionMask = 2147483647;
			files = (
				A10000000000000000000001 /* GhostCartApp.swift in Sources */,
				A10000000000000000000002 /* ContentView.swift in Sources */,
				A10000000000000000000003 /* AlmostBuy.swift in Sources */,
				A10000000000000000000004 /* GhostCartStore.swift in Sources */,
				A10000000000000000000005 /* Theme.swift in Sources */,
				A10000000000000000000006 /* BrandAssets.swift in Sources */,
				A10000000000000000000007 /* HomeView.swift in Sources */,
				A10000000000000000000008 /* CooldownsView.swift in Sources */,
				A10000000000000000000009 /* CaptureView.swift in Sources */,
				A1000000000000000000000A /* ProgressView.swift in Sources */,
				A1000000000000000000000B /* ProfileView.swift in Sources */,
				A1000000000000000000000C /* MembershipCardView.swift in Sources */,
				A1000000000000000000000D /* NotificationService.swift in Sources */,
				A1000000000000000000000E /* NotificationRouter.swift in Sources */,
				A10000000000000000000010 /* ApiClient.swift in Sources */,
				A10000000000000000000011 /* ProductImport.swift in Sources */,
				A10000000000000000000012 /* SharedImport.swift in Sources */,
				A10000000000000000000030 /* AuthService.swift in Sources */,
				A10000000000000000000031 /* OnboardingState.swift in Sources */,
				A10000000000000000000032 /* SimulationConsentView.swift in Sources */,
				A10000000000000000000033 /* OnboardingLandingView.swift in Sources */,
				A10000000000000000000034 /* AuthView.swift in Sources */,
				A10000000000000000000035 /* ProfileSelectView.swift in Sources */,
				A10000000000000000000036 /* PersonalizationView.swift in Sources */,
				A10000000000000000000037 /* TutorialView.swift in Sources */,
				A10000000000000000000038 /* OnboardingFlowView.swift in Sources */,
				A10000000000000000000039 /* ContentBlocks.swift in Sources */,
				A1000000000000000000003A /* MarketplaceSection.swift in Sources */,
				A1000000000000000000003B /* AvatarPresets.swift in Sources */,
				S10000000000000000000001 /* AlmostBuySyncService.swift in Sources */,
				C10000000000000000000001 /* CommunityProfileService.swift in Sources */,
				C10000000000000000000002 /* CommunityLeaderboardOptInView.swift in Sources */,
				C10000000000000000000003 /* LegalDocumentsView.swift in Sources */,
				C10000000000000000000004 /* DeleteAccountView.swift in Sources */,
				C10000000000000000000005 /* AvatarPresetPickerView.swift in Sources */,
				A20000000000000000000001 /* FirebaseService.swift in Sources */,
			);
			runOnlyForDeploymentPostprocessing = 0;
		};
		D10000000000000000000011 /* Sources */ = {
			isa = PBXSourcesBuildPhase;
			buildActionMask = 2147483647;
			files = (
				A10000000000000000000020 /* ShareViewController.swift in Sources */,
				A10000000000000000000021 /* SharedImport.swift in Sources */,
			);
			runOnlyForDeploymentPostprocessing = 0;
		};
		T10000000000000000000007 /* Sources */ = {
			isa = PBXSourcesBuildPhase;
			buildActionMask = 2147483647;
			files = (
				T10000000000000000000002 /* GhostCartStoreTests.swift in Sources */,
			);
			runOnlyForDeploymentPostprocessing = 0;
		};
/* End PBXSourcesBuildPhase section */

/* Begin PBXTargetDependency section */
		D10000000000000000000015 /* PBXTargetDependency */ = {
			isa = PBXTargetDependency;
			target = D10000000000000000000010 /* GhostCartShare */;
			targetProxy = D10000000000000000000016 /* PBXContainerItemProxy */;
		};
		T10000000000000000000010 /* PBXTargetDependency */ = {
			isa = PBXTargetDependency;
			target = D10000000000000000000001 /* GhostCart */;
			targetProxy = T10000000000000000000005 /* PBXContainerItemProxy */;
		};
/* End PBXTargetDependency section */

/* Begin XCBuildConfiguration section */
		E10000000000000000000001 /* Debug */ = {
			isa = XCBuildConfiguration;
			buildSettings = {
				ALWAYS_SEARCH_USER_PATHS = NO;
				CLANG_ENABLE_MODULES = YES;
				CLANG_ENABLE_OBJC_ARC = YES;
				DEBUG_INFORMATION_FORMAT = dwarf;
				ENABLE_TESTABILITY = YES;
				GCC_OPTIMIZATION_LEVEL = 0;
				IPHONEOS_DEPLOYMENT_TARGET = 16.0;
				ONLY_ACTIVE_ARCH = YES;
				SDKROOT = iphoneos;
				SWIFT_ACTIVE_COMPILATION_CONDITIONS = DEBUG;
				SWIFT_OPTIMIZATION_LEVEL = "-Onone";
			};
			name = Debug;
		};
		E10000000000000000000002 /* Release */ = {
			isa = XCBuildConfiguration;
			buildSettings = {
				ALWAYS_SEARCH_USER_PATHS = NO;
				CLANG_ENABLE_MODULES = YES;
				CLANG_ENABLE_OBJC_ARC = YES;
				DEBUG_INFORMATION_FORMAT = "dwarf-with-dsym";
				IPHONEOS_DEPLOYMENT_TARGET = 16.0;
				SDKROOT = iphoneos;
				SWIFT_COMPILATION_MODE = wholemodule;
				VALIDATE_PRODUCT = YES;
			};
			name = Release;
		};
		E10000000000000000000003 /* Debug */ = {
			isa = XCBuildConfiguration;
			buildSettings = {
				ASSETCATALOG_COMPILER_APPICON_NAME = AppIcon;
				CODE_SIGN_ENTITLEMENTS = GhostCart/GhostCart.entitlements;
				CODE_SIGN_STYLE = Automatic;
				DEVELOPMENT_TEAM = 2A5Q764W66;
				CURRENT_PROJECT_VERSION = 4;
				GENERATE_INFOPLIST_FILE = NO;
				INFOPLIST_FILE = GhostCart/Info.plist;
				INFOPLIST_KEY_CFBundleDisplayName = "Ghost Cart";
				INFOPLIST_KEY_LSApplicationCategoryType = "public.app-category.lifestyle";
				INFOPLIST_KEY_UIApplicationSceneManifest_Generation = YES;
				INFOPLIST_KEY_UIApplicationSupportsIndirectInputEvents = YES;
				INFOPLIST_KEY_UILaunchScreen_Generation = YES;
				IPHONEOS_DEPLOYMENT_TARGET = 16.0;
				MARKETING_VERSION = 2.0;
				OTHER_LDFLAGS = ("$(inherited)", "-ObjC");
				PRODUCT_BUNDLE_IDENTIFIER = com.ghostcart.app;
				PRODUCT_NAME = "$(TARGET_NAME)";
				SWIFT_EMIT_LOC_STRINGS = YES;
				SWIFT_VERSION = 5.0;
				TARGETED_DEVICE_FAMILY = "1,2";
				SUPPORTS_MAC_DESIGNED_FOR_IPHONE_IPAD = YES;
			};
			name = Debug;
		};
		E10000000000000000000004 /* Release */ = {
			isa = XCBuildConfiguration;
			buildSettings = {
				ASSETCATALOG_COMPILER_APPICON_NAME = AppIcon;
				CODE_SIGN_ENTITLEMENTS = GhostCart/GhostCart.entitlements;
				CODE_SIGN_IDENTITY = "Apple Distribution";
				CODE_SIGN_STYLE = Manual;
				PROVISIONING_PROFILE_SPECIFIER = "GhostCart App Store";
				DEVELOPMENT_TEAM = 2A5Q764W66;
				CURRENT_PROJECT_VERSION = 4;
				GENERATE_INFOPLIST_FILE = NO;
				INFOPLIST_FILE = GhostCart/Info.plist;
				INFOPLIST_KEY_CFBundleDisplayName = "Ghost Cart";
				INFOPLIST_KEY_LSApplicationCategoryType = "public.app-category.lifestyle";
				INFOPLIST_KEY_UIApplicationSceneManifest_Generation = YES;
				INFOPLIST_KEY_UIApplicationSupportsIndirectInputEvents = YES;
				INFOPLIST_KEY_UILaunchScreen_Generation = YES;
				IPHONEOS_DEPLOYMENT_TARGET = 16.0;
				MARKETING_VERSION = 2.0;
				OTHER_LDFLAGS = ("$(inherited)", "-ObjC");
				PRODUCT_BUNDLE_IDENTIFIER = com.ghostcart.app;
				PRODUCT_NAME = "$(TARGET_NAME)";
				SWIFT_EMIT_LOC_STRINGS = YES;
				SWIFT_VERSION = 5.0;
				TARGETED_DEVICE_FAMILY = "1,2";
				SUPPORTS_MAC_DESIGNED_FOR_IPHONE_IPAD = YES;
			};
			name = Release;
		};
		E10000000000000000000010 /* Debug */ = {
			isa = XCBuildConfiguration;
			buildSettings = {
				CODE_SIGN_ENTITLEMENTS = GhostCartShare/GhostCartShare.entitlements;
				CODE_SIGN_STYLE = Automatic;
				DEVELOPMENT_TEAM = 2A5Q764W66;
				CURRENT_PROJECT_VERSION = 4;
				DEBUG_INFORMATION_FORMAT = dwarf;
				GENERATE_INFOPLIST_FILE = NO;
				INFOPLIST_FILE = GhostCartShare/Info.plist;
				IPHONEOS_DEPLOYMENT_TARGET = 16.0;
				MARKETING_VERSION = 2.0;
				PRODUCT_BUNDLE_IDENTIFIER = com.ghostcart.app.share;
				PRODUCT_NAME = "$(TARGET_NAME)";
				SKIP_INSTALL = YES;
				SWIFT_ACTIVE_COMPILATION_CONDITIONS = DEBUG;
				SWIFT_EMIT_LOC_STRINGS = YES;
				SWIFT_OPTIMIZATION_LEVEL = "-Onone";
				SWIFT_VERSION = 5.0;
				TARGETED_DEVICE_FAMILY = "1,2";
			};
			name = Debug;
		};
		E10000000000000000000011 /* Release */ = {
			isa = XCBuildConfiguration;
			buildSettings = {
				CODE_SIGN_ENTITLEMENTS = GhostCartShare/GhostCartShare.entitlements;
				CODE_SIGN_IDENTITY = "Apple Distribution";
				CODE_SIGN_STYLE = Manual;
				PROVISIONING_PROFILE_SPECIFIER = "GhostCart Share App Store";
				DEVELOPMENT_TEAM = 2A5Q764W66;
				CURRENT_PROJECT_VERSION = 4;
				DEBUG_INFORMATION_FORMAT = "dwarf-with-dsym";
				GENERATE_INFOPLIST_FILE = NO;
				INFOPLIST_FILE = GhostCartShare/Info.plist;
				IPHONEOS_DEPLOYMENT_TARGET = 16.0;
				MARKETING_VERSION = 2.0;
				PRODUCT_BUNDLE_IDENTIFIER = com.ghostcart.app.share;
				PRODUCT_NAME = "$(TARGET_NAME)";
				SKIP_INSTALL = YES;
				SWIFT_COMPILATION_MODE = wholemodule;
				SWIFT_EMIT_LOC_STRINGS = YES;
				SWIFT_VERSION = 5.0;
				TARGETED_DEVICE_FAMILY = "1,2";
			};
			name = Release;
		};
		T10000000000000000000011 /* Debug */ = {
			isa = XCBuildConfiguration;
			buildSettings = {
				BUNDLE_LOADER = "$(TEST_HOST)";
				CODE_SIGN_STYLE = Automatic;
				DEVELOPMENT_TEAM = 2A5Q764W66;
				CURRENT_PROJECT_VERSION = 4;
				GENERATE_INFOPLIST_FILE = YES;
				IPHONEOS_DEPLOYMENT_TARGET = 16.0;
				MARKETING_VERSION = 1.0;
				PRODUCT_BUNDLE_IDENTIFIER = com.ghostcart.app.tests;
				PRODUCT_NAME = "$(TARGET_NAME)";
				SWIFT_ACTIVE_COMPILATION_CONDITIONS = DEBUG;
				SWIFT_EMIT_LOC_STRINGS = NO;
				SWIFT_OPTIMIZATION_LEVEL = "-Onone";
				SWIFT_VERSION = 5.0;
				TARGETED_DEVICE_FAMILY = "1,2";
				TEST_HOST = "$(BUILT_PRODUCTS_DIR)/GhostCart.app/GhostCart";
			};
			name = Debug;
		};
		T10000000000000000000012 /* Release */ = {
			isa = XCBuildConfiguration;
			buildSettings = {
				BUNDLE_LOADER = "$(TEST_HOST)";
				CODE_SIGN_STYLE = Automatic;
				DEVELOPMENT_TEAM = 2A5Q764W66;
				CURRENT_PROJECT_VERSION = 4;
				GENERATE_INFOPLIST_FILE = YES;
				IPHONEOS_DEPLOYMENT_TARGET = 16.0;
				MARKETING_VERSION = 1.0;
				PRODUCT_BUNDLE_IDENTIFIER = com.ghostcart.app.tests;
				PRODUCT_NAME = "$(TARGET_NAME)";
				SWIFT_COMPILATION_MODE = wholemodule;
				SWIFT_EMIT_LOC_STRINGS = NO;
				SWIFT_VERSION = 5.0;
				TARGETED_DEVICE_FAMILY = "1,2";
				TEST_HOST = "$(BUILT_PRODUCTS_DIR)/GhostCart.app/GhostCart";
			};
			name = Release;
		};
/* End XCBuildConfiguration section */

/* Begin XCConfigurationList section */
		F10000000000000000000001 /* Build configuration list for PBXNativeTarget "GhostCart" */ = {
			isa = XCConfigurationList;
			buildConfigurations = (
				E10000000000000000000003 /* Debug */,
				E10000000000000000000004 /* Release */,
			);
			defaultConfigurationIsVisible = 0;
			defaultConfigurationName = Release;
		};
		F10000000000000000000010 /* Build configuration list for PBXNativeTarget "GhostCartShare" */ = {
			isa = XCConfigurationList;
			buildConfigurations = (
				E10000000000000000000010 /* Debug */,
				E10000000000000000000011 /* Release */,
			);
			defaultConfigurationIsVisible = 0;
			defaultConfigurationName = Release;
		};
		F10000000000000000000002 /* Build configuration list for PBXProject "GhostCart" */ = {
			isa = XCConfigurationList;
			buildConfigurations = (
				E10000000000000000000001 /* Debug */,
				E10000000000000000000002 /* Release */,
			);
			defaultConfigurationIsVisible = 0;
			defaultConfigurationName = Release;
		};
		T10000000000000000000009 /* Build configuration list for PBXNativeTarget "GhostCartTests" */ = {
			isa = XCConfigurationList;
			buildConfigurations = (
				T10000000000000000000011 /* Debug */,
				T10000000000000000000012 /* Release */,
			);
			defaultConfigurationIsVisible = 0;
			defaultConfigurationName = Release;
		};
/* End XCConfigurationList section */

/* Begin XCRemoteSwiftPackageReference section */
		P20000000000000000000001 /* XCRemoteSwiftPackageReference "firebase-ios-sdk" */ = {
			isa = XCRemoteSwiftPackageReference;
			repositoryURL = "https://github.com/firebase/firebase-ios-sdk.git";
			requirement = {
				kind = upToNextMajorVersion;
				minimumVersion = 12.14.0;
			};
		};
		P20000000000000000000005 /* XCRemoteSwiftPackageReference "GoogleSignIn-iOS" */ = {
			isa = XCRemoteSwiftPackageReference;
			repositoryURL = "https://github.com/google/GoogleSignIn-iOS.git";
			requirement = {
				kind = upToNextMajorVersion;
				minimumVersion = 9.2.0;
			};
		};
/* End XCRemoteSwiftPackageReference section */

/* Begin XCSwiftPackageProductDependency section */
		P20000000000000000000002 /* FirebaseAnalytics */ = {
			isa = XCSwiftPackageProductDependency;
			package = P20000000000000000000001 /* XCRemoteSwiftPackageReference "firebase-ios-sdk" */;
			productName = FirebaseAnalytics;
		};
		P20000000000000000000003 /* FirebaseMessaging */ = {
			isa = XCSwiftPackageProductDependency;
			package = P20000000000000000000001 /* XCRemoteSwiftPackageReference "firebase-ios-sdk" */;
			productName = FirebaseMessaging;
		};
		P20000000000000000000004 /* FirebaseInAppMessaging-Beta */ = {
			isa = XCSwiftPackageProductDependency;
			package = P20000000000000000000001 /* XCRemoteSwiftPackageReference "firebase-ios-sdk" */;
			productName = "FirebaseInAppMessaging-Beta";
		};
		P20000000000000000000006 /* GoogleSignIn */ = {
			isa = XCSwiftPackageProductDependency;
			package = P20000000000000000000005 /* XCRemoteSwiftPackageReference "GoogleSignIn-iOS" */;
			productName = GoogleSignIn;
		};
/* End XCSwiftPackageProductDependency section */
	};
	rootObject = D10000000000000000000004 /* Project object */;
}
